// !$*UTF8*$!
{
	archiveVersion = 1;
	classes = {
	};
	objectVersion = 46;
	objects = {

/* Begin PBXBuildFile section */
		C61819C01A53F7EB00E4DBEC /* WebServiceHandler.m in Sources */ = {isa = PBXBuildFile; fileRef = C61819BC1A53F7EB00E4DBEC /* WebServiceHandler.m */; settings = {COMPILER_FLAGS = "-fno-objc-arc"; }; };
		C61819C11A53F7EB00E4DBEC /* TableViewController.m in Sources */ = {isa = PBXBuildFile; fileRef = C61819BF1A53F7EB00E4DBEC /* TableViewController.m */; settings = {COMPILER_FLAGS = "-fno-objc-arc"; }; };
		C6D3A6AD1A52A64A007F2366 /* main.m in Sources */ = {isa = PBXBuildFile; fileRef = C6D3A6AC1A52A64A007F2366 /* main.m */; settings = {COMPILER_FLAGS = "-fno-objc-arc"; }; };
		C6D3A6B01A52A64A007F2366 /* AppDelegate.m in Sources */ = {isa = PBXBuildFile; fileRef = C6D3A6AF1A52A64A007F2366 /* AppDelegate.m */; settings = {COMPILER_FLAGS = "-fno-objc-arc"; }; };
		C6D3A6B61A52A64A007F2366 /* Main.storyboard in Resources */ = {isa = PBXBuildFile; fileRef = C6D3A6B41A52A64A007F2366 /* Main.storyboard */; };
		C6D3A6B81A52A64A007F2366 /* Images.xcassets in Resources */ = {isa = PBXBuildFile; fileRef = C6D3A6B71A52A64A007F2366 /* Images.xcassets */; };
		C6D3A6BB1A52A64A007F2366 /* LaunchScreen.xib in Resources */ = {isa = PBXBuildFile; fileRef = C6D3A6B91A52A64A007F2366 /* LaunchScreen.xib */; };
		C6D3A6C71A52A64B007F2366 /* iOSExerciseTests.m in Sources */ = {isa = PBXBuildFile; fileRef = C6D3A6C61A52A64B007F2366 /* iOSExerciseTests.m */; };
/* End PBXBuildFile section */

/* Begin PBXContainerItemProxy section */
		C6D3A6C11A52A64A007F2366 /* PBXContainerItemProxy */ = {
			isa = PBXContainerItemProxy;
			containerPortal = C6D3A69F1A52A649007F2366 /* Project object */;
			proxyType = 1;
			remoteGlobalIDString = C6D3A6A61A52A649007F2366;
			remoteInfo = iOSExercise;
		};
/* End PBXContainerItemProxy section */

/* Begin PBXFileReference section */
		C61819BB1A53F7EB00E4DBEC /* WebServiceHandler.h */ = {isa = PBXFileReference; fileEncoding = 4; lastKnownFileType = sourcecode.c.h; path = WebServiceHandler.h; sourceTree = "<group>"; };
		C61819BC1A53F7EB00E4DBEC /* WebServiceHandler.m */ = {isa = PBXFileReference; fileEncoding = 4; lastKnownFileType = sourcecode.c.objc; path = WebServiceHandler.m; sourceTree = "<group>"; };
		C61819BE1A53F7EB00E4DBEC /* TableViewController.h */ = {isa = PBXFileReference; fileEncoding = 4; lastKnownFileType = sourcecode.c.h; path = TableViewController.h; sourceTree = "<group>"; };
		C61819BF1A53F7EB00E4DBEC /* TableViewController.m */ = {isa = PBXFileReference; fileEncoding = 4; lastKnownFileType = sourcecode.c.objc; path = TableViewController.m; sourceTree = "<group>"; };
		C61819C31A540A8900E4DBEC /* Contsant.h */ = {isa = PBXFileReference; lastKnownFileType = sourcecode.c.h; path = Contsant.h; sourceTree = "<group>"; };
		C6D3A6A71A52A649007F2366 /* iOSExercise.app */ = {isa = PBXFileReference; explicitFileType = wrapper.application; includeInIndex = 0; path = iOSExercise.app; sourceTree = BUILT_PRODUCTS_DIR; };
		C6D3A6AB1A52A649007F2366 /* Info.plist */ = {isa = PBXFileReference; lastKnownFileType = text.plist.xml; path = Info.plist; sourceTree = "<group>"; };
		C6D3A6AC1A52A64A007F2366 /* main.m */ = {isa = PBXFileReference; lastKnownFileType = sourcecode.c.objc; path = main.m; sourceTree = "<group>"; };
		C6D3A6AE1A52A64A007F2366 /* AppDelegate.h */ = {isa = PBXFileReference; lastKnownFileType = sourcecode.c.h; path = AppDelegate.h; sourceTree = "<group>"; };
		C6D3A6AF1A52A64A007F2366 /* AppDelegate.m */ = {isa = PBXFileReference; lastKnownFileType = sourcecode.c.objc; path = AppDelegate.m; sourceTree = "<group>"; };
		C6D3A6B51A52A64A007F2366 /* Base */ = {isa = PBXFileReference; lastKnownFileType = file.storyboard; name = Base; path = Base.lproj/Main.storyboard; sourceTree = "<group>"; };
		C6D3A6B71A52A64A007F2366 /* Images.xcassets */ = {isa = PBXFileReference; lastKnownFileType = folder.assetcatalog; path = Images.xcassets; sourceTree = "<group>"; };
		C6D3A6BA1A52A64A007F2366 /* Base */ = {isa = PBXFileReference; lastKnownFileType = file.xib; name = Base; path = Base.lproj/LaunchScreen.xib; sourceTree = "<group>"; };
		C6D3A6C01A52A64A007F2366 /* iOSExerciseTests.xctest */ = {isa = PBXFileReference; explicitFileType = wrapper.cfbundle; includeInIndex = 0; path = iOSExerciseTests.xctest; sourceTree = BUILT_PRODUCTS_DIR; };
		C6D3A6C51A52A64A007F2366 /* Info.plist */ = {isa = PBXFileReference; lastKnownFileType = text.plist.xml; path = Info.plist; sourceTree = "<group>"; };
		C6D3A6C61A52A64B007F2366 /* iOSExerciseTests.m */ = {isa = PBXFileReference; lastKnownFileType = sourcecode.c.objc; path = iOSExerciseTests.m; sourceTree = "<group>"; };
/* End PBXFileReference section */

/* Begin PBXFrameworksBuildPhase section */
		C6D3A6A41A52A649007F2366 /* Frameworks */ = {
			isa = PBXFrameworksBuildPhase;
			buildActionMask = 2147483647;
			files = (
			);
			runOnlyForDeploymentPostprocessing = 0;
		};
		C6D3A6BD1A52A64A007F2366 /* Frameworks */ = {
			isa = PBXFrameworksBuildPhase;
			buildActionMask = 2147483647;
			files = (
			);
			runOnlyForDeploymentPostprocessing = 0;
		};
/* End PBXFrameworksBuildPhase section */

/* Begin PBXGroup section */
		C61819B91A53F7EB00E4DBEC /* Model */ = {
			isa = PBXGroup;
			children = (
				C61819BA1A53F7EB00E4DBEC /* WebRequest */,
			);
			path = Model;
			sourceTree = "<group>";
		};
		C61819BA1A53F7EB00E4DBEC /* WebRequest */ = {
			isa = PBXGroup;
			children = (
				C61819BB1A53F7EB00E4DBEC /* WebServiceHandler.h */,
				C61819BC1A53F7EB00E4DBEC /* WebServiceHandler.m */,
			);
			path = WebRequest;
			sourceTree = "<group>";
		};
		C61819BD1A53F7EB00E4DBEC /* ViewController */ = {
			isa = PBXGroup;
			children = (
				C61819BE1A53F7EB00E4DBEC /* TableViewController.h */,
				C61819BF1A53F7EB00E4DBEC /* TableViewController.m */,
			);
			path = ViewController;
			sourceTree = "<group>";
		};
		C61819C21A5408F500E4DBEC /* Constant */ = {
			isa = PBXGroup;
			children = (
				C61819C31A540A8900E4DBEC /* Contsant.h */,
			);
			path = Constant;
			sourceTree = "<group>";
		};
		C6D3A69E1A52A649007F2366 = {
			isa = PBXGroup;
			children = (
				C6D3A6A91A52A649007F2366 /* iOSExercise */,
				C6D3A6C31A52A64A007F2366 /* iOSExerciseTests */,
				C6D3A6A81A52A649007F2366 /* Products */,
			);
			sourceTree = "<group>";
		};
		C6D3A6A81A52A649007F2366 /* Products */ = {
			isa = PBXGroup;
			children = (
				C6D3A6A71A52A649007F2366 /* iOSExercise.app */,
				C6D3A6C01A52A64A007F2366 /* iOSExerciseTests.xctest */,
			);
			name = Products;
			sourceTree = "<group>";
		};
		C6D3A6A91A52A649007F2366 /* iOSExercise */ = {
			isa = PBXGroup;
			children = (
				C61819C21A5408F500E4DBEC /* Constant */,
				C61819B91A53F7EB00E4DBEC /* Model */,
				C61819BD1A53F7EB00E4DBEC /* ViewController */,
				C6D3A6B41A52A64A007F2366 /* Main.storyboard */,
				C6D3A6B71A52A64A007F2366 /* Images.xcassets */,
				C6D3A6B91A52A64A007F2366 /* LaunchScreen.xib */,
				C6D3A6AA1A52A649007F2366 /* Supporting Files */,
			);
			path = iOSExercise;
			sourceTree = "<group>";
		};
		C6D3A6AA1A52A649007F2366 /* Supporting Files */ = {
			isa = PBXGroup;
			children = (
				C6D3A6AE1A52A64A007F2366 /* AppDelegate.h */,
				C6D3A6AF1A52A64A007F2366 /* AppDelegate.m */,
				C6D3A6AB1A52A649007F2366 /* Info.plist */,
				C6D3A6AC1A52A64A007F2366 /* main.m */,
			);
			name = "Supporting Files";
			sourceTree = "<group>";
		};
		C6D3A6C31A52A64A007F2366 /* iOSExerciseTests */ = {
			isa = PBXGroup;
			children = (
				C6D3A6C61A52A64B007F2366 /* iOSExerciseTests.m */,
				C6D3A6C41A52A64A007F2366 /* Supporting Files */,
			);
			path = iOSExerciseTests;
			sourceTree = "<group>";
		};
		C6D3A6C41A52A64A007F2366 /* Supporting Files */ = {
			isa = PBXGroup;
			children = (
				C6D3A6C51A52A64A007F2366 /* Info.plist */,
			);
			name = "Supporting Files";
			sourceTree = "<group>";
		};
/* End PBXGroup section */

/* Begin PBXNativeTarget section */
		C6D3A6A61A52A649007F2366 /* iOSExercise */ = {
			isa = PBXNativeTarget;
			buildConfigurationList = C6D3A6CA1A52A64B007F2366 /* Build configuration list for PBXNativeTarget "iOSExercise" */;
			buildPhases = (
				C6D3A6A31A52A649007F2366 /* Sources */,
				C6D3A6A41A52A649007F2366 /* Frameworks */,
				C6D3A6A51A52A649007F2366 /* Resources */,
			);
			buildRules = (
			);
			dependencies = (
			);
			name = iOSExercise;
			productName = iOSExercise;
			productReference = C6D3A6A71A52A649007F2366 /* iOSExercise.app */;
			productType = "com.apple.product-type.application";
		};
		C6D3A6BF1A52A64A007F2366 /* iOSExerciseTests */ = {
			isa = PBXNativeTarget;
			buildConfigurationList = C6D3A6CD1A52A64B007F2366 /* Build configuration list for PBXNativeTarget "iOSExerciseTests" */;
			buildPhases = (
				C6D3A6BC1A52A64A007F2366 /* Sources */,
				C6D3A6BD1A52A64A007F2366 /* Frameworks */,
				C6D3A6BE1A52A64A007F2366 /* Resources */,
			);
			buildRules = (
			);
			dependencies = (
				C6D3A6C21A52A64A007F2366 /* PBXTargetDependency */,
			);
			name = iOSExerciseTests;
			productName = iOSExerciseTests;
			productReference = C6D3A6C01A52A64A007F2366 /* iOSExerciseTests.xctest */;
			productType = "com.apple.product-type.bundle.unit-test";
		};
/* End PBXNativeTarget section */

/* Begin PBXProject section */
		C6D3A69F1A52A649007F2366 /* Project object */ = {
			isa = PBXProject;
			attributes = {
				LastUpgradeCheck = 0610;
				ORGANIZATIONNAME = "Manas Parida";
				TargetAttributes = {
					C6D3A6A61A52A649007F2366 = {
						CreatedOnToolsVersion = 6.1.1;
					};
					C6D3A6BF1A52A64A007F2366 = {
						CreatedOnToolsVersion = 6.1.1;
						TestTargetID = C6D3A6A61A52A649007F2366;
					};
				};
			};
			buildConfigurationList = C6D3A6A21A52A649007F2366 /* Build configuration list for PBXProject "iOSExercise" */;
			compatibilityVersion = "Xcode 3.2";
			developmentRegion = English;
			hasScannedForEncodings = 0;
			knownRegions = (
				en,
				Base,
			);
			mainGroup = C6D3A69E1A52A649007F2366;
			productRefGroup = C6D3A6A81A52A649007F2366 /* Products */;
			projectDirPath = "";
			projectRoot = "";
			targets = (
				C6D3A6A61A52A649007F2366 /* iOSExercise */,
				C6D3A6BF1A52A64A007F2366 /* iOSExerciseTests */,
			);
		};
/* End PBXProject section */

/* Begin PBXResourcesBuildPhase section */
		C6D3A6A51A52A649007F2366 /* Resources */ = {
			isa = PBXResourcesBuildPhase;
			buildActionMask = 2147483647;
			files = (
				C6D3A6B61A52A64A007F2366 /* Main.storyboard in Resources */,
				C6D3A6BB1A52A64A007F2366 /* LaunchScreen.xib in Resources */,
				C6D3A6B81A52A64A007F2366 /* Images.xcassets in Resources */,
			);
			runOnlyForDeploymentPostprocessing = 0;
		};
		C6D3A6BE1A52A64A007F2366 /* Resources */ = {
			isa = PBXResourcesBuildPhase;
			buildActionMask = 2147483647;
			files = (
			);
			runOnlyForDeploymentPostprocessing = 0;
		};
/* End PBXResourcesBuildPhase section */

/* Begin PBXSourcesBuildPhase section */
		C6D3A6A31A52A649007F2366 /* Sources */ = {
			isa = PBXSourcesBuildPhase;
			buildActionMask = 2147483647;
			files = (
				C6D3A6B01A52A64A007F2366 /* AppDelegate.m in Sources */,
				C61819C01A53F7EB00E4DBEC /* WebServiceHandler.m in Sources */,
				C6D3A6AD1A52A64A007F2366 /* main.m in Sources */,
				C61819C11A53F7EB00E4DBEC /* TableViewController.m in Sources */,
			);
			runOnlyForDeploymentPostprocessing = 0;
		};
		C6D3A6BC1A52A64A007F2366 /* Sources */ = {
			isa = PBXSourcesBuildPhase;
			buildActionMask = 2147483647;
			files = (
				C6D3A6C71A52A64B007F2366 /* iOSExerciseTests.m in Sources */,
			);
			runOnlyForDeploymentPostprocessing = 0;
		};
/* End PBXSourcesBuildPhase section */

/* Begin PBXTargetDependency section */
		C6D3A6C21A52A64A007F2366 /* PBXTargetDependency */ = {
			isa = PBXTargetDependency;
			target = C6D3A6A61A52A649007F2366 /* iOSExercise */;
			targetProxy = C6D3A6C11A52A64A007F2366 /* PBXContainerItemProxy */;
		};
/* End PBXTargetDependency section */

/* Begin PBXVariantGroup section */
		C6D3A6B41A52A64A007F2366 /* Main.storyboard */ = {
			isa = PBXVariantGroup;
			children = (
				C6D3A6B51A52A64A007F2366 /* Base */,
			);
			name = Main.storyboard;
			sourceTree = "<group>";
		};
		C6D3A6B91A52A64A007F2366 /* LaunchScreen.xib */ = {
			isa = PBXVariantGroup;
			children = (
				C6D3A6BA1A52A64A007F2366 /* Base */,
			);
			name = LaunchScreen.xib;
			sourceTree = "<group>";
		};
/* End PBXVariantGroup section */

/* Begin XCBuildConfiguration section */
		C6D3A6C81A52A64B007F2366 /* Debug */ = {
			isa = XCBuildConfiguration;
			buildSettings = {
				ALWAYS_SEARCH_USER_PATHS = NO;
				CLANG_CXX_LANGUAGE_STANDARD = "gnu++0x";
				CLANG_CXX_LIBRARY = "libc++";
				CLANG_ENABLE_MODULES = YES;
				CLANG_ENABLE_OBJC_ARC = YES;
				CLANG_WARN_BOOL_CONVERSION = YES;
				CLANG_WARN_CONSTANT_CONVERSION = YES;
				CLANG_WARN_DIRECT_OBJC_ISA_USAGE = YES_ERROR;
				CLANG_WARN_EMPTY_BODY = YES;
				CLANG_WARN_ENUM_CONVERSION = YES;
				CLANG_WARN_INT_CONVERSION = YES;
				CLANG_WARN_OBJC_ROOT_CLASS = YES_ERROR;
				CLANG_WARN_UNREACHABLE_CODE = YES;
				CLANG_WARN__DUPLICATE_METHOD_MATCH = YES;
				"CODE_SIGN_IDENTITY[sdk=iphoneos*]" = "iPhone Developer";
				COPY_PHASE_STRIP = NO;
				ENABLE_STRICT_OBJC_MSGSEND = YES;
				GCC_C_LANGUAGE_STANDARD = gnu99;
				GCC_DYNAMIC_NO_PIC = NO;
				GCC_OPTIMIZATION_LEVEL = 0;
				GCC_PREPROCESSOR_DEFINITIONS = (
					"DEBUG=1",
					"$(inherited)",
				);
				GCC_SYMBOLS_PRIVATE_EXTERN = NO;
				GCC_WARN_64_TO_32_BIT_CONVERSION = YES;
				GCC_WARN_ABOUT_RETURN_TYPE = YES_ERROR;
				GCC_WARN_UNDECLARED_SELECTOR = YES;
				GCC_WARN_UNINITIALIZED_AUTOS = YES_AGGRESSIVE;
				GCC_WARN_UNUSED_FUNCTION = YES;
				GCC_WARN_UNUSED_VARIABLE = YES;
				IPHONEOS_DEPLOYMENT_TARGET = 8.1;
				MTL_ENABLE_DEBUG_INFO = YES;
				ONLY_ACTIVE_ARCH = YES;
				SDKROOT = iphoneos;
			};
			name = Debug;
		};
		C6D3A6C91A52A64B007F2366 /* Release */ = {
			isa = XCBuildConfiguration;
			buildSettings = {
				ALWAYS_SEARCH_USER_PATHS = NO;
				CLANG_CXX_LANGUAGE_STANDARD = "gnu++0x";
				CLANG_CXX_LIBRARY = "libc++";
				CLANG_ENABLE_MODULES = YES;
				CLANG_ENABLE_OBJC_ARC = YES;
				CLANG_WARN_BOOL_CONVERSION = YES;
				CLANG_WARN_CONSTANT_CONVERSION = YES;
				CLANG_WARN_DIRECT_OBJC_ISA_USAGE = YES_ERROR;
				CLANG_WARN_EMPTY_BODY = YES;
				CLANG_WARN_ENUM_CONVERSION = YES;
				CLANG_WARN_INT_CONVERSION = YES;
				CLANG_WARN_OBJC_ROOT_CLASS = YES_ERROR;
				CLANG_WARN_UNREACHABLE_CODE = YES;
				CLANG_WARN__DUPLICATE_METHOD_MATCH = YES;
				"CODE_SIGN_IDENTITY[sdk=iphoneos*]" = "iPhone Developer";
				COPY_PHASE_STRIP = YES;
				ENABLE_NS_ASSERTIONS = NO;
				ENABLE_STRICT_OBJC_MSGSEND = YES;
				GCC_C_LANGUAGE_STANDARD = gnu99;
				GCC_WARN_64_TO_32_BIT_CONVERSION = YES;
				GCC_WARN_ABOUT_RETURN_TYPE = YES_ERROR;
				GCC_WARN_UNDECLARED_SELECTOR = YES;
				GCC_WARN_UNINITIALIZED_AUTOS = YES_AGGRESSIVE;
				GCC_WARN_UNUSED_FUNCTION = YES;
				GCC_WARN_UNUSED_VARIABLE = YES;
				IPHONEOS_DEPLOYMENT_TARGET = 8.1;
				MTL_ENABLE_DEBUG_INFO = NO;
				SDKROOT = iphoneos;
				VALIDATE_PRODUCT = YES;
			};
			name = Release;
		};
		C6D3A6CB1A52A64B007F2366 /* Debug */ = {
			isa = XCBuildConfiguration;
			buildSettings = {
				ASSETCATALOG_COMPILER_APPICON_NAME = AppIcon;
				INFOPLIST_FILE = iOSExercise/Info.plist;
				IPHONEOS_DEPLOYMENT_TARGET = 6.0;
				LD_RUNPATH_SEARCH_PATHS = "$(inherited) @executable_path/Frameworks";
				PRODUCT_NAME = "$(TARGET_NAME)";
			};
			name = Debug;
		};
		C6D3A6CC1A52A64B007F2366 /* Release */ = {
			isa = XCBuildConfiguration;
			buildSettings = {
				ASSETCATALOG_COMPILER_APPICON_NAME = AppIcon;
				INFOPLIST_FILE = iOSExercise/Info.plist;
				IPHONEOS_DEPLOYMENT_TARGET = 6.0;
				LD_RUNPATH_SEARCH_PATHS = "$(inherited) @executable_path/Frameworks";
				PRODUCT_NAME = "$(TARGET_NAME)";
			};
			name = Release;
		};
		C6D3A6CE1A52A64B007F2366 /* Debug */ = {
			isa = XCBuildConfiguration;
			buildSettings = {
				BUNDLE_LOADER = "$(TEST_HOST)";
				FRAMEWORK_SEARCH_PATHS = (
					"$(SDKROOT)/Developer/Library/Frameworks",
					"$(inherited)",
				);
				GCC_PREPROCESSOR_DEFINITIONS = (
					"DEBUG=1",
					"$(inherited)",
				);
				INFOPLIST_FILE = iOSExerciseTests/Info.plist;
				LD_RUNPATH_SEARCH_PATHS = "$(inherited) @executable_path/Frameworks @loader_path/Frameworks";
				PRODUCT_NAME = "$(TARGET_NAME)";
				TEST_HOST = "$(BUILT_PRODUCTS_DIR)/iOSExercise.app/iOSExercise";
			};
			name = Debug;
		};
		C6D3A6CF1A52A64B007F2366 /* Release */ = {
			isa = XCBuildConfiguration;
			buildSettings = {
				BUNDLE_LOADER = "$(TEST_HOST)";
				FRAMEWORK_SEARCH_PATHS = (
					"$(SDKROOT)/Developer/Library/Frameworks",
					"$(inherited)",
				);
				INFOPLIST_FILE = iOSExerciseTests/Info.plist;
				LD_RUNPATH_SEARCH_PATHS = "$(inherited) @executable_path/Frameworks @loader_path/Frameworks";
				PRODUCT_NAME = "$(TARGET_NAME)";
				TEST_HOST = "$(BUILT_PRODUCTS_DIR)/iOSExercise.app/iOSExercise";
			};
			name = Release;
		};
/* End XCBuildConfiguration section */

/* Begin XCConfigurationList section */
		C6D3A6A21A52A649007F2366 /* Build configuration list for PBXProject "iOSExercise" */ = {
			isa = XCConfigurationList;
			buildConfigurations = (
				C6D3A6C81A52A64B007F2366 /* Debug */,
				C6D3A6C91A52A64B007F2366 /* Release */,
			);
			defaultConfigurationIsVisible = 0;
			defaultConfigurationName = Release;
		};
		C6D3A6CA1A52A64B007F2366 /* Build configuration list for PBXNativeTarget "iOSExercise" */ = {
			isa = XCConfigurationList;
			buildConfigurations = (
				C6D3A6CB1A52A64B007F2366 /* Debug */,
				C6D3A6CC1A52A64B007F2366 /* Release */,
			);
			defaultConfigurationIsVisible = 0;
			defaultConfigurationName = Release;
		};
		C6D3A6CD1A52A64B007F2366 /* Build configuration list for PBXNativeTarget "iOSExerciseTests" */ = {
			isa = XCConfigurationList;
			buildConfigurations = (
				C6D3A6CE1A52A64B007F2366 /* Debug */,
				C6D3A6CF1A52A64B007F2366 /* Release */,
			);
			defaultConfigurationIsVisible = 0;
			defaultConfigurationName = Release;
		};
/* End XCConfigurationList section */
	};
	rootObject = C6D3A69F1A52A649007F2366 /* Project object */;
}
